
Microsoft Visual Studio Solution File, Format Version 12.00
# Visual Studio 15
VisualStudioVersion = 15.0.27130.2010
MinimumVisualStudioVersion = 10.0.40219.1
Project("{FAE04EC0-301F-11D3-BF4B-00C04F79EFBC}") = "Latvija", "Latvija\Latvija.csproj", "{C8498E5A-D596-40C0-8686-A957D4D38054}"
EndProject
Global
	GlobalSection(SolutionConfigurationPlatforms) = preSolution
		Debug|Any CPU = Debug|Any CPU
		Release|Any CPU = Release|Any CPU
	EndGlobalSection
	GlobalSection(ProjectConfigurationPlatforms) = postSolution
		{C8498E5A-D596-40C0-8686-A957D4D38054}.Debug|Any CPU.ActiveCfg = Debug|Any CPU
		{C8498E5A-D596-40C0-8686-A957D4D38054}.Debug|Any CPU.Build.0 = Debug|Any CPU
		{C8498E5A-D596-40C0-8686-A957D4D38054}.Release|Any CPU.ActiveCfg = Release|Any CPU
		{C8498E5A-D596-40C0-8686-A957D4D38054}.Release|Any CPU.Build.0 = Release|Any CPU
	EndGlobalSection
	GlobalSection(SolutionProperties) = preSolution
		HideSolutionNode = FALSE
	EndGlobalSection
	GlobalSection(ExtensibilityGlobals) = postSolution
		SolutionGuid = {5A4712BF-488C-44A1-8406-82F78D9BC7F6}
	EndGlobalSection
EndGlobal
